hash: 38903c68fe5f44e617661e7dd5c48d875996e08a89908621ce87391f2a3451c9
updated: 2017-08-15T22:11:47.581673912-05:00
imports:
- name: github.com/boltdb/bolt
  version: 583e8937c61f1af6513608ccc75c97b6abdf4ff9
- name: github.com/gorilla/mux
  version: bcd8bc72b08df0f70df986b97f95590779502d31
- name: github.com/spaolacci/murmur3
  version: 0d12bf811670bf6a1a63828dfbd003eded177fce
testImports: []
